archmap: 2
doc: unit
id: state-and-lock
verified:
  revision: "5f9030cfe516079d2cec9d88b0164f9fa39b2a72"
  verified_on: "2026-10-07"
type: subsystem
paths:
  - internal/state/
  - internal/lock/
  - internal/formatversion/
tech: ["Go", "JSON"]
status: active
invariants:
  - text: "Replacement WAL records prior/desired candidate identity and resource uses before removal; verified installed state and ownership commit while the WAL remains active through the after-upgrade hook boundary."
    confidence: confirmed
    evidence: ["internal/state/replacement.go:40-91", "internal/state/replacement.go:111-150", "internal/state/replacement.go:179-280"]
  - text: "A v2 universal lock stores an encoded plan projection; legacy v1 pins may remain compatibility data but do not override v2 operational identity."
    confidence: confirmed
    evidence: ["internal/lock/universal.go:13-74"]
  - text: "Legacy method-specific pins are still refreshed by lock.ResolveLegacyV1 and merged with preserved pins; they remain distinct from the adapter-neutral universal projection."
    confidence: confirmed
    evidence: ["internal/lock/lock.go:320-491", "internal/app/update.go:130-201"]
    symbols:
      - name: ResolveLegacyV1
        path: internal/lock/lock.go
        role: "Bounded legacy selector-pin materialization retained alongside lock v2."
  - text: "Lock v1 is compatibility-only: new selector classes must not extend it, whole-schema update migrates readable v1 input to v2, and the legacy writer remains only for profiled updates that cannot prove complete v2 coverage."
    confidence: confirmed
    evidence: ["internal/lock/lock.go:330-500", "docs/support-boundary.md:20-55", "docs/roadmap.md:145-155"]
  - text: "Archive payload ownership is persisted as a typed ToolState field; the old underscore Config key is read only as migration compatibility for existing state."
    confidence: confirmed
    evidence: ["internal/state/state.go:45-85", "internal/exec/state.go:90-140", "internal/app/remove.go:180-240", "internal/app/undo.go:180-245"]
  - text: "depengine.lock v2 persists a universal LockDocument projection only when exact full-install-closure coverage can be proven; missing, extra, mutable, or mismatched identities fail closed."
    confidence: confirmed
    evidence: ["internal/lock/universal.go:51-74", "internal/app/universal_lock.go:20-105", "internal/plan/lock.go:372-479"]
    symbols:
      - name: resolveUniversalLockDocument
        path: internal/app/universal_lock.go
        role: "Builds the adapter-neutral projection through read-only executor resolution and verifies install-closure coverage."
      - name: VerifyResolvedPlanAgainstLock
        path: internal/plan/lock.go
        role: "Fail-closed exact coverage check before persistence or reuse."
relations:
  - from: state-and-lock
    to: adapters
    kind: calls
    via: "Executor v2 resolver; explicit legacy v1 resolver."
    evidence: ["internal/app/universal_lock.go:20-56", "internal/exec/lock_resolution.go:64-100", "internal/lock/lock.go:320-344"]
    confidence: confirmed
  - from: state-and-lock
    to: planning
    kind: depends-on
    via: "universal LockDocument projection"
    evidence: ["internal/lock/universal.go:51-74", "internal/plan/lock.go:372-479"]
    confidence: confirmed
